// !$*UTF8*$!
{
	archiveVersion = 1;
	classes = {
	};
	objectVersion = 46;
	objects = {

/* Begin PBXBuildFile section */
		2A8ED2731EE8A85C005BC20E /* Profile.swift in Sources */ = {isa = PBXBuildFile; fileRef = 2A8ED2721EE8A85C005BC20E /* Profile.swift */; };
		2A8ED2751EE8AAC9005BC20E /* Purchase.swift in Sources */ = {isa = PBXBuildFile; fileRef = 2A8ED2741EE8AAC9005BC20E /* Purchase.swift */; };
		2AB822881EE8F5FC00C6B4F5 /* MessageCell.swift in Sources */ = {isa = PBXBuildFile; fileRef = 2AB822861EE8F5FC00C6B4F5 /* MessageCell.swift */; };
		2AB822891EE8F5FC00C6B4F5 /* MessageCell.xib in Resources */ = {isa = PBXBuildFile; fileRef = 2AB822871EE8F5FC00C6B4F5 /* MessageCell.xib */; };
		542703DF1EE89D3C0093C0C9 /* AppDelegate.swift in Sources */ = {isa = PBXBuildFile; fileRef = 542703DE1EE89D3C0093C0C9 /* AppDelegate.swift */; };
		542703E61EE89D3D0093C0C9 /* Assets.xcassets in Resources */ = {isa = PBXBuildFile; fileRef = 542703E51EE89D3D0093C0C9 /* Assets.xcassets */; };
		542703E91EE89D3D0093C0C9 /* LaunchScreen.storyboard in Resources */ = {isa = PBXBuildFile; fileRef = 542703E71EE89D3D0093C0C9 /* LaunchScreen.storyboard */; };
		542703F41EE89D3D0093C0C9 /* SpendWithFriendsTests.swift in Sources */ = {isa = PBXBuildFile; fileRef = 542703F31EE89D3D0093C0C9 /* SpendWithFriendsTests.swift */; };
		542703FF1EE89D3D0093C0C9 /* SpendWithFriendsUITests.swift in Sources */ = {isa = PBXBuildFile; fileRef = 542703FE1EE89D3D0093C0C9 /* SpendWithFriendsUITests.swift */; };
		542955DB1EE8F7F100AB9E02 /* ProfileTableViewController.swift in Sources */ = {isa = PBXBuildFile; fileRef = 542955DA1EE8F7F100AB9E02 /* ProfileTableViewController.swift */; };
		542955DD1EE900EB00AB9E02 /* Unknown.png in Resources */ = {isa = PBXBuildFile; fileRef = 542955DC1EE900EB00AB9E02 /* Unknown.png */; };
		545BE0FB143C7D6B3050714D /* Pods_SpendWithFriendsUITests.framework in Frameworks */ = {isa = PBXBuildFile; fileRef = 6AEA359FF9CBE421609D6D6C /* Pods_SpendWithFriendsUITests.framework */; };
		686FBAC1BC9FEB02825410F6 /* Pods_SpendWithFriendsTests.framework in Frameworks */ = {isa = PBXBuildFile; fileRef = 075E2F24E78DB66174423433 /* Pods_SpendWithFriendsTests.framework */; };
		B32BCCEE1EE8B0910041377E /* MenuViewController.swift in Sources */ = {isa = PBXBuildFile; fileRef = B32BCCED1EE8B0910041377E /* MenuViewController.swift */; };
		B3C213211EE8FA1000C0E4E8 /* CreateAccountViewController.swift in Sources */ = {isa = PBXBuildFile; fileRef = B3C2131E1EE8FA1000C0E4E8 /* CreateAccountViewController.swift */; };
		B3C213221EE8FA1000C0E4E8 /* LoginViewController.swift in Sources */ = {isa = PBXBuildFile; fileRef = B3C2131F1EE8FA1000C0E4E8 /* LoginViewController.swift */; };
		B3C213231EE8FA1000C0E4E8 /* Merchant.swift in Sources */ = {isa = PBXBuildFile; fileRef = B3C213201EE8FA1000C0E4E8 /* Merchant.swift */; };
		CC2808761EE8E98900FF800D /* Main.storyboard in Resources */ = {isa = PBXBuildFile; fileRef = CC2808751EE8E98900FF800D /* Main.storyboard */; };
		CC2808801EE8EB8F00FF800D /* hamburger.png in Resources */ = {isa = PBXBuildFile; fileRef = CC2808771EE8EB8F00FF800D /* hamburger.png */; };
		CC2808811EE8EB8F00FF800D /* InboxViewController.swift in Sources */ = {isa = PBXBuildFile; fileRef = CC2808781EE8EB8F00FF800D /* InboxViewController.swift */; };
		CC2808821EE8EB8F00FF800D /* MainViewController.swift in Sources */ = {isa = PBXBuildFile; fileRef = CC2808791EE8EB8F00FF800D /* MainViewController.swift */; };
		CC2808831EE8EB8F00FF800D /* MapViewController.swift in Sources */ = {isa = PBXBuildFile; fileRef = CC28087A1EE8EB8F00FF800D /* MapViewController.swift */; };
		CC2808841EE8EB8F00FF800D /* MeetUp.swift in Sources */ = {isa = PBXBuildFile; fileRef = CC28087B1EE8EB8F00FF800D /* MeetUp.swift */; };
		CC2808851EE8EB8F00FF800D /* MeetUpViewController.swift in Sources */ = {isa = PBXBuildFile; fileRef = CC28087C1EE8EB8F00FF800D /* MeetUpViewController.swift */; };
		CC2808861EE8EB8F00FF800D /* ProfileCell.swift in Sources */ = {isa = PBXBuildFile; fileRef = CC28087D1EE8EB8F00FF800D /* ProfileCell.swift */; };
		CC2808871EE8EB8F00FF800D /* ProfileCell.xib in Resources */ = {isa = PBXBuildFile; fileRef = CC28087E1EE8EB8F00FF800D /* ProfileCell.xib */; };
		CC2808881EE8EB8F00FF800D /* SlideMenu.swift in Sources */ = {isa = PBXBuildFile; fileRef = CC28087F1EE8EB8F00FF800D /* SlideMenu.swift */; };
		CC28088A1EE8F10500FF800D /* DataHandler.swift in Sources */ = {isa = PBXBuildFile; fileRef = CC2808891EE8F10500FF800D /* DataHandler.swift */; };
		E1E711372D2AF1FE3202EBB3 /* Pods_SpendWithFriends.framework in Frameworks */ = {isa = PBXBuildFile; fileRef = F0B38CED6B79E8EF35599CB4 /* Pods_SpendWithFriends.framework */; };
/* End PBXBuildFile section */

/* Begin PBXContainerItemProxy section */
		542703F01EE89D3D0093C0C9 /* PBXContainerItemProxy */ = {
			isa = PBXContainerItemProxy;
			containerPortal = 542703D31EE89D3C0093C0C9 /* Project object */;
			proxyType = 1;
			remoteGlobalIDString = 542703DA1EE89D3C0093C0C9;
			remoteInfo = SpendWithFriends;
		};
		542703FB1EE89D3D0093C0C9 /* PBXContainerItemProxy */ = {
			isa = PBXContainerItemProxy;
			containerPortal = 542703D31EE89D3C0093C0C9 /* Project object */;
			proxyType = 1;
			remoteGlobalIDString = 542703DA1EE89D3C0093C0C9;
			remoteInfo = SpendWithFriends;
		};
/* End PBXContainerItemProxy section */

/* Begin PBXFileReference section */
		075E2F24E78DB66174423433 /* Pods_SpendWithFriendsTests.framework */ = {isa = PBXFileReference; explicitFileType = wrapper.framework; includeInIndex = 0; path = Pods_SpendWithFriendsTests.framework; sourceTree = BUILT_PRODUCTS_DIR; };
		128476557A35E925BAD4DBEB /* Pods-SpendWithFriendsUITests.debug.xcconfig */ = {isa = PBXFileReference; includeInIndex = 1; lastKnownFileType = text.xcconfig; name = "Pods-SpendWithFriendsUITests.debug.xcconfig"; path = "Pods/Target Support Files/Pods-SpendWithFriendsUITests/Pods-SpendWithFriendsUITests.debug.xcconfig"; sourceTree = "<group>"; };
		2A8ED2721EE8A85C005BC20E /* Profile.swift */ = {isa = PBXFileReference; fileEncoding = 4; lastKnownFileType = sourcecode.swift; path = Profile.swift; sourceTree = "<group>"; };
		2A8ED2741EE8AAC9005BC20E /* Purchase.swift */ = {isa = PBXFileReference; fileEncoding = 4; lastKnownFileType = sourcecode.swift; path = Purchase.swift; sourceTree = "<group>"; };
		2AB822861EE8F5FC00C6B4F5 /* MessageCell.swift */ = {isa = PBXFileReference; fileEncoding = 4; lastKnownFileType = sourcecode.swift; path = MessageCell.swift; sourceTree = "<group>"; };
		2AB822871EE8F5FC00C6B4F5 /* MessageCell.xib */ = {isa = PBXFileReference; fileEncoding = 4; lastKnownFileType = file.xib; path = MessageCell.xib; sourceTree = "<group>"; };
		542703DB1EE89D3C0093C0C9 /* SpendWithFriends.app */ = {isa = PBXFileReference; explicitFileType = wrapper.application; includeInIndex = 0; path = SpendWithFriends.app; sourceTree = BUILT_PRODUCTS_DIR; };
		542703DE1EE89D3C0093C0C9 /* AppDelegate.swift */ = {isa = PBXFileReference; lastKnownFileType = sourcecode.swift; path = AppDelegate.swift; sourceTree = "<group>"; };
		542703E51EE89D3D0093C0C9 /* Assets.xcassets */ = {isa = PBXFileReference; lastKnownFileType = folder.assetcatalog; path = Assets.xcassets; sourceTree = "<group>"; };
		542703E81EE89D3D0093C0C9 /* Base */ = {isa = PBXFileReference; lastKnownFileType = file.storyboard; name = Base; path = Base.lproj/LaunchScreen.storyboard; sourceTree = "<group>"; };
		542703EA1EE89D3D0093C0C9 /* Info.plist */ = {isa = PBXFileReference; lastKnownFileType = text.plist.xml; path = Info.plist; sourceTree = "<group>"; };
		542703EF1EE89D3D0093C0C9 /* SpendWithFriendsTests.xctest */ = {isa = PBXFileReference; explicitFileType = wrapper.cfbundle; includeInIndex = 0; path = SpendWithFriendsTests.xctest; sourceTree = BUILT_PRODUCTS_DIR; };
		542703F31EE89D3D0093C0C9 /* SpendWithFriendsTests.swift */ = {isa = PBXFileReference; lastKnownFileType = sourcecode.swift; path = SpendWithFriendsTests.swift; sourceTree = "<group>"; };
		542703F51EE89D3D0093C0C9 /* Info.plist */ = {isa = PBXFileReference; lastKnownFileType = text.plist.xml; path = Info.plist; sourceTree = "<group>"; };
		542703FA1EE89D3D0093C0C9 /* SpendWithFriendsUITests.xctest */ = {isa = PBXFileReference; explicitFileType = wrapper.cfbundle; includeInIndex = 0; path = SpendWithFriendsUITests.xctest; sourceTree = BUILT_PRODUCTS_DIR; };
		542703FE1EE89D3D0093C0C9 /* SpendWithFriendsUITests.swift */ = {isa = PBXFileReference; lastKnownFileType = sourcecode.swift; path = SpendWithFriendsUITests.swift; sourceTree = "<group>"; };
		542704001EE89D3D0093C0C9 /* Info.plist */ = {isa = PBXFileReference; lastKnownFileType = text.plist.xml; path = Info.plist; sourceTree = "<group>"; };
		542955DA1EE8F7F100AB9E02 /* ProfileTableViewController.swift */ = {isa = PBXFileReference; fileEncoding = 4; lastKnownFileType = sourcecode.swift; path = ProfileTableViewController.swift; sourceTree = "<group>"; };
		542955DC1EE900EB00AB9E02 /* Unknown.png */ = {isa = PBXFileReference; lastKnownFileType = image.png; name = Unknown.png; path = Assets.xcassets/Unknown.png; sourceTree = "<group>"; };
		5C2E8AA70854407B840A0F0E /* Pods-SpendWithFriendsTests.debug.xcconfig */ = {isa = PBXFileReference; includeInIndex = 1; lastKnownFileType = text.xcconfig; name = "Pods-SpendWithFriendsTests.debug.xcconfig"; path = "Pods/Target Support Files/Pods-SpendWithFriendsTests/Pods-SpendWithFriendsTests.debug.xcconfig"; sourceTree = "<group>"; };
		6086F130A349DBF813F3ED72 /* Pods-SpendWithFriendsUITests.release.xcconfig */ = {isa = PBXFileReference; includeInIndex = 1; lastKnownFileType = text.xcconfig; name = "Pods-SpendWithFriendsUITests.release.xcconfig"; path = "Pods/Target Support Files/Pods-SpendWithFriendsUITests/Pods-SpendWithFriendsUITests.release.xcconfig"; sourceTree = "<group>"; };
		6AEA359FF9CBE421609D6D6C /* Pods_SpendWithFriendsUITests.framework */ = {isa = PBXFileReference; explicitFileType = wrapper.framework; includeInIndex = 0; path = Pods_SpendWithFriendsUITests.framework; sourceTree = BUILT_PRODUCTS_DIR; };
		8EF2D619A49BDDA6B99CFF25 /* Pods-SpendWithFriends.debug.xcconfig */ = {isa = PBXFileReference; includeInIndex = 1; lastKnownFileType = text.xcconfig; name = "Pods-SpendWithFriends.debug.xcconfig"; path = "Pods/Target Support Files/Pods-SpendWithFriends/Pods-SpendWithFriends.debug.xcconfig"; sourceTree = "<group>"; };
		B32BCCED1EE8B0910041377E /* MenuViewController.swift */ = {isa = PBXFileReference; fileEncoding = 4; lastKnownFileType = sourcecode.swift; path = MenuViewController.swift; sourceTree = "<group>"; };
		B3C2131E1EE8FA1000C0E4E8 /* CreateAccountViewController.swift */ = {isa = PBXFileReference; fileEncoding = 4; lastKnownFileType = sourcecode.swift; path = CreateAccountViewController.swift; sourceTree = "<group>"; };
		B3C2131F1EE8FA1000C0E4E8 /* LoginViewController.swift */ = {isa = PBXFileReference; fileEncoding = 4; lastKnownFileType = sourcecode.swift; path = LoginViewController.swift; sourceTree = "<group>"; };
		B3C213201EE8FA1000C0E4E8 /* Merchant.swift */ = {isa = PBXFileReference; fileEncoding = 4; lastKnownFileType = sourcecode.swift; path = Merchant.swift; sourceTree = "<group>"; };
		C8FDED4E270EC0C312C78A4C /* Pods-SpendWithFriendsTests.release.xcconfig */ = {isa = PBXFileReference; includeInIndex = 1; lastKnownFileType = text.xcconfig; name = "Pods-SpendWithFriendsTests.release.xcconfig"; path = "Pods/Target Support Files/Pods-SpendWithFriendsTests/Pods-SpendWithFriendsTests.release.xcconfig"; sourceTree = "<group>"; };
		CC2808751EE8E98900FF800D /* Main.storyboard */ = {isa = PBXFileReference; fileEncoding = 4; lastKnownFileType = file.storyboard; path = Main.storyboard; sourceTree = "<group>"; };
		CC2808771EE8EB8F00FF800D /* hamburger.png */ = {isa = PBXFileReference; lastKnownFileType = image.png; path = hamburger.png; sourceTree = "<group>"; };
		CC2808781EE8EB8F00FF800D /* InboxViewController.swift */ = {isa = PBXFileReference; fileEncoding = 4; lastKnownFileType = sourcecode.swift; path = InboxViewController.swift; sourceTree = "<group>"; };
		CC2808791EE8EB8F00FF800D /* MainViewController.swift */ = {isa = PBXFileReference; fileEncoding = 4; lastKnownFileType = sourcecode.swift; path = MainViewController.swift; sourceTree = "<group>"; };
		CC28087A1EE8EB8F00FF800D /* MapViewController.swift */ = {isa = PBXFileReference; fileEncoding = 4; lastKnownFileType = sourcecode.swift; path = MapViewController.swift; sourceTree = "<group>"; };
		CC28087B1EE8EB8F00FF800D /* MeetUp.swift */ = {isa = PBXFileReference; fileEncoding = 4; lastKnownFileType = sourcecode.swift; path = MeetUp.swift; sourceTree = "<group>"; };
		CC28087C1EE8EB8F00FF800D /* MeetUpViewController.swift */ = {isa = PBXFileReference; fileEncoding = 4; lastKnownFileType = sourcecode.swift; path = MeetUpViewController.swift; sourceTree = "<group>"; };
		CC28087D1EE8EB8F00FF800D /* ProfileCell.swift */ = {isa = PBXFileReference; fileEncoding = 4; lastKnownFileType = sourcecode.swift; path = ProfileCell.swift; sourceTree = "<group>"; };
		CC28087E1EE8EB8F00FF800D /* ProfileCell.xib */ = {isa = PBXFileReference; fileEncoding = 4; lastKnownFileType = file.xib; path = ProfileCell.xib; sourceTree = "<group>"; };
		CC28087F1EE8EB8F00FF800D /* SlideMenu.swift */ = {isa = PBXFileReference; fileEncoding = 4; lastKnownFileType = sourcecode.swift; path = SlideMenu.swift; sourceTree = "<group>"; };
		CC2808891EE8F10500FF800D /* DataHandler.swift */ = {isa = PBXFileReference; fileEncoding = 4; lastKnownFileType = sourcecode.swift; path = DataHandler.swift; sourceTree = "<group>"; };
		E2095179B34F0A992F821924 /* Pods-SpendWithFriends.release.xcconfig */ = {isa = PBXFileReference; includeInIndex = 1; lastKnownFileType = text.xcconfig; name = "Pods-SpendWithFriends.release.xcconfig"; path = "Pods/Target Support Files/Pods-SpendWithFriends/Pods-SpendWithFriends.release.xcconfig"; sourceTree = "<group>"; };
		F0B38CED6B79E8EF35599CB4 /* Pods_SpendWithFriends.framework */ = {isa = PBXFileReference; explicitFileType = wrapper.framework; includeInIndex = 0; path = Pods_SpendWithFriends.framework; sourceTree = BUILT_PRODUCTS_DIR; };
/* End PBXFileReference section */

/* Begin PBXFrameworksBuildPhase section */
		542703D81EE89D3C0093C0C9 /* Frameworks */ = {
			isa = PBXFrameworksBuildPhase;
			buildActionMask = 2147483647;
			files = (
				E1E711372D2AF1FE3202EBB3 /* Pods_SpendWithFriends.framework in Frameworks */,
			);
			runOnlyForDeploymentPostprocessing = 0;
		};
		542703EC1EE89D3D0093C0C9 /* Frameworks */ = {
			isa = PBXFrameworksBuildPhase;
			buildActionMask = 2147483647;
			files = (
				686FBAC1BC9FEB02825410F6 /* Pods_SpendWithFriendsTests.framework in Frameworks */,
			);
			runOnlyForDeploymentPostprocessing = 0;
		};
		542703F71EE89D3D0093C0C9 /* Frameworks */ = {
			isa = PBXFrameworksBuildPhase;
			buildActionMask = 2147483647;
			files = (
				545BE0FB143C7D6B3050714D /* Pods_SpendWithFriendsUITests.framework in Frameworks */,
			);
			runOnlyForDeploymentPostprocessing = 0;
		};
/* End PBXFrameworksBuildPhase section */

/* Begin PBXGroup section */
		2A8ED2711EE8A836005BC20E /* Model */ = {
			isa = PBXGroup;
			children = (
				CC28087B1EE8EB8F00FF800D /* MeetUp.swift */,
				2A8ED2721EE8A85C005BC20E /* Profile.swift */,
				2A8ED2741EE8AAC9005BC20E /* Purchase.swift */,
			);
			name = Model;
			sourceTree = "<group>";
		};
		542703D21EE89D3C0093C0C9 = {
			isa = PBXGroup;
			children = (
				542703DD1EE89D3C0093C0C9 /* SpendWithFriends */,
				542703F21EE89D3D0093C0C9 /* SpendWithFriendsTests */,
				542703FD1EE89D3D0093C0C9 /* SpendWithFriendsUITests */,
				542703DC1EE89D3C0093C0C9 /* Products */,
				9C8EBF07E393704F00BC4C85 /* Pods */,
				5AAEF8420357F09AE261DE88 /* Frameworks */,
			);
			sourceTree = "<group>";
		};
		542703DC1EE89D3C0093C0C9 /* Products */ = {
			isa = PBXGroup;
			children = (
				542703DB1EE89D3C0093C0C9 /* SpendWithFriends.app */,
				542703EF1EE89D3D0093C0C9 /* SpendWithFriendsTests.xctest */,
				542703FA1EE89D3D0093C0C9 /* SpendWithFriendsUITests.xctest */,
			);
			name = Products;
			sourceTree = "<group>";
		};
		542703DD1EE89D3C0093C0C9 /* SpendWithFriends */ = {
			isa = PBXGroup;
			children = (
				B3C2131E1EE8FA1000C0E4E8 /* CreateAccountViewController.swift */,
				B3C2131F1EE8FA1000C0E4E8 /* LoginViewController.swift */,
				B3C213201EE8FA1000C0E4E8 /* Merchant.swift */,
				542955DA1EE8F7F100AB9E02 /* ProfileTableViewController.swift */,
				2A8ED2711EE8A836005BC20E /* Model */,
				542703DE1EE89D3C0093C0C9 /* AppDelegate.swift */,
				CC2808771EE8EB8F00FF800D /* hamburger.png */,
				CC2808781EE8EB8F00FF800D /* InboxViewController.swift */,
				CC2808791EE8EB8F00FF800D /* MainViewController.swift */,
				CC28087A1EE8EB8F00FF800D /* MapViewController.swift */,
				CC2808891EE8F10500FF800D /* DataHandler.swift */,
				CC28087C1EE8EB8F00FF800D /* MeetUpViewController.swift */,
				CC28087D1EE8EB8F00FF800D /* ProfileCell.swift */,
				2AB822861EE8F5FC00C6B4F5 /* MessageCell.swift */,
				2AB822871EE8F5FC00C6B4F5 /* MessageCell.xib */,
				CC28087E1EE8EB8F00FF800D /* ProfileCell.xib */,
				CC28087F1EE8EB8F00FF800D /* SlideMenu.swift */,
				B32BCCED1EE8B0910041377E /* MenuViewController.swift */,
				CC2808751EE8E98900FF800D /* Main.storyboard */,
				542703E51EE89D3D0093C0C9 /* Assets.xcassets */,
				542955DC1EE900EB00AB9E02 /* Unknown.png */,
				542703E71EE89D3D0093C0C9 /* LaunchScreen.storyboard */,
				542703EA1EE89D3D0093C0C9 /* Info.plist */,
			);
			path = SpendWithFriends;
			sourceTree = "<group>";
		};
		542703F21EE89D3D0093C0C9 /* SpendWithFriendsTests */ = {
			isa = PBXGroup;
			children = (
				542703F31EE89D3D0093C0C9 /* SpendWithFriendsTests.swift */,
				542703F51EE89D3D0093C0C9 /* Info.plist */,
			);
			path = SpendWithFriendsTests;
			sourceTree = "<group>";
		};
		542703FD1EE89D3D0093C0C9 /* SpendWithFriendsUITests */ = {
			isa = PBXGroup;
			children = (
				542703FE1EE89D3D0093C0C9 /* SpendWithFriendsUITests.swift */,
				542704001EE89D3D0093C0C9 /* Info.plist */,
			);
			path = SpendWithFriendsUITests;
			sourceTree = "<group>";
		};
		5AAEF8420357F09AE261DE88 /* Frameworks */ = {
			isa = PBXGroup;
			children = (
				F0B38CED6B79E8EF35599CB4 /* Pods_SpendWithFriends.framework */,
				075E2F24E78DB66174423433 /* Pods_SpendWithFriendsTests.framework */,
				6AEA359FF9CBE421609D6D6C /* Pods_SpendWithFriendsUITests.framework */,
			);
			name = Frameworks;
			sourceTree = "<group>";
		};
		9C8EBF07E393704F00BC4C85 /* Pods */ = {
			isa = PBXGroup;
			children = (
				8EF2D619A49BDDA6B99CFF25 /* Pods-SpendWithFriends.debug.xcconfig */,
				E2095179B34F0A992F821924 /* Pods-SpendWithFriends.release.xcconfig */,
				5C2E8AA70854407B840A0F0E /* Pods-SpendWithFriendsTests.debug.xcconfig */,
				C8FDED4E270EC0C312C78A4C /* Pods-SpendWithFriendsTests.release.xcconfig */,
				128476557A35E925BAD4DBEB /* Pods-SpendWithFriendsUITests.debug.xcconfig */,
				6086F130A349DBF813F3ED72 /* Pods-SpendWithFriendsUITests.release.xcconfig */,
			);
			name = Pods;
			sourceTree = "<group>";
		};
/* End PBXGroup section */

/* Begin PBXNativeTarget section */
		542703DA1EE89D3C0093C0C9 /* SpendWithFriends */ = {
			isa = PBXNativeTarget;
			buildConfigurationList = 542704031EE89D3D0093C0C9 /* Build configuration list for PBXNativeTarget "SpendWithFriends" */;
			buildPhases = (
				569647ADEA641144ACBE4B60 /* [CP] Check Pods Manifest.lock */,
				542703D71EE89D3C0093C0C9 /* Sources */,
				542703D81EE89D3C0093C0C9 /* Frameworks */,
				542703D91EE89D3C0093C0C9 /* Resources */,
				B35188D47E4DD3FEC367318C /* [CP] Embed Pods Frameworks */,
				2F6D910BB1FD71855EBAE91C /* [CP] Copy Pods Resources */,
			);
			buildRules = (
			);
			dependencies = (
			);
			name = SpendWithFriends;
			productName = SpendWithFriends;
			productReference = 542703DB1EE89D3C0093C0C9 /* SpendWithFriends.app */;
			productType = "com.apple.product-type.application";
		};
		542703EE1EE89D3D0093C0C9 /* SpendWithFriendsTests */ = {
			isa = PBXNativeTarget;
			buildConfigurationList = 542704061EE89D3D0093C0C9 /* Build configuration list for PBXNativeTarget "SpendWithFriendsTests" */;
			buildPhases = (
				352537AF47497FF118833D81 /* [CP] Check Pods Manifest.lock */,
				542703EB1EE89D3D0093C0C9 /* Sources */,
				542703EC1EE89D3D0093C0C9 /* Frameworks */,
				542703ED1EE89D3D0093C0C9 /* Resources */,
				49CA8D89A8A02C331F992D9A /* [CP] Embed Pods Frameworks */,
				1CDC3620A9D5A8A35D45A4DE /* [CP] Copy Pods Resources */,
			);
			buildRules = (
			);
			dependencies = (
				542703F11EE89D3D0093C0C9 /* PBXTargetDependency */,
			);
			name = SpendWithFriendsTests;
			productName = SpendWithFriendsTests;
			productReference = 542703EF1EE89D3D0093C0C9 /* SpendWithFriendsTests.xctest */;
			productType = "com.apple.product-type.bundle.unit-test";
		};
		542703F91EE89D3D0093C0C9 /* SpendWithFriendsUITests */ = {
			isa = PBXNativeTarget;
			buildConfigurationList = 542704091EE89D3D0093C0C9 /* Build configuration list for PBXNativeTarget "SpendWithFriendsUITests" */;
			buildPhases = (
				BED6B36FBA59C24055BFB03D /* [CP] Check Pods Manifest.lock */,
				542703F61EE89D3D0093C0C9 /* Sources */,
				542703F71EE89D3D0093C0C9 /* Frameworks */,
				542703F81EE89D3D0093C0C9 /* Resources */,
				881C46C8BAAB694BF0677CAF /* [CP] Copy Pods Resources */,
			);
			buildRules = (
			);
			dependencies = (
				542703FC1EE89D3D0093C0C9 /* PBXTargetDependency */,
			);
			name = SpendWithFriendsUITests;
			productName = SpendWithFriendsUITests;
			productReference = 542703FA1EE89D3D0093C0C9 /* SpendWithFriendsUITests.xctest */;
			productType = "com.apple.product-type.bundle.ui-testing";
		};
/* End PBXNativeTarget section */

/* Begin PBXProject section */
		542703D31EE89D3C0093C0C9 /* Project object */ = {
			isa = PBXProject;
			attributes = {
				LastSwiftUpdateCheck = 0830;
				LastUpgradeCheck = 0830;
				ORGANIZATIONNAME = klangholm;
				TargetAttributes = {
					542703DA1EE89D3C0093C0C9 = {
						CreatedOnToolsVersion = 8.3.2;
						DevelopmentTeam = U2TXEES4XA;
						ProvisioningStyle = Automatic;
					};
					542703EE1EE89D3D0093C0C9 = {
						CreatedOnToolsVersion = 8.3.2;
						ProvisioningStyle = Automatic;
						TestTargetID = 542703DA1EE89D3C0093C0C9;
					};
					542703F91EE89D3D0093C0C9 = {
						CreatedOnToolsVersion = 8.3.2;
						ProvisioningStyle = Automatic;
						TestTargetID = 542703DA1EE89D3C0093C0C9;
					};
				};
			};
			buildConfigurationList = 542703D61EE89D3C0093C0C9 /* Build configuration list for PBXProject "SpendWithFriends" */;
			compatibilityVersion = "Xcode 3.2";
			developmentRegion = English;
			hasScannedForEncodings = 0;
			knownRegions = (
				en,
				Base,
			);
			mainGroup = 542703D21EE89D3C0093C0C9;
			productRefGroup = 542703DC1EE89D3C0093C0C9 /* Products */;
			projectDirPath = "";
			projectRoot = "";
			targets = (
				542703DA1EE89D3C0093C0C9 /* SpendWithFriends */,
				542703EE1EE89D3D0093C0C9 /* SpendWithFriendsTests */,
				542703F91EE89D3D0093C0C9 /* SpendWithFriendsUITests */,
			);
		};
/* End PBXProject section */

/* Begin PBXResourcesBuildPhase section */
		542703D91EE89D3C0093C0C9 /* Resources */ = {
			isa = PBXResourcesBuildPhase;
			buildActionMask = 2147483647;
			files = (
				CC2808761EE8E98900FF800D /* Main.storyboard in Resources */,
				2AB822891EE8F5FC00C6B4F5 /* MessageCell.xib in Resources */,
				CC2808801EE8EB8F00FF800D /* hamburger.png in Resources */,
				542955DD1EE900EB00AB9E02 /* Unknown.png in Resources */,
				542703E91EE89D3D0093C0C9 /* LaunchScreen.storyboard in Resources */,
				542703E61EE89D3D0093C0C9 /* Assets.xcassets in Resources */,
				CC2808871EE8EB8F00FF800D /* ProfileCell.xib in Resources */,
			);
			runOnlyForDeploymentPostprocessing = 0;
		};
		542703ED1EE89D3D0093C0C9 /* Resources */ = {
			isa = PBXResourcesBuildPhase;
			buildActionMask = 2147483647;
			files = (
			);
			runOnlyForDeploymentPostprocessing = 0;
		};
		542703F81EE89D3D0093C0C9 /* Resources */ = {
			isa = PBXResourcesBuildPhase;
			buildActionMask = 2147483647;
			files = (
			);
			runOnlyForDeploymentPostprocessing = 0;
		};
/* End PBXResourcesBuildPhase section */

/* Begin PBXShellScriptBuildPhase section */
		1CDC3620A9D5A8A35D45A4DE /* [CP] Copy Pods Resources */ = {
			isa = PBXShellScriptBuildPhase;
			buildActionMask = 2147483647;
			files = (
			);
			inputPaths = (
			);
			name = "[CP] Copy Pods Resources";
			outputPaths = (
			);
			runOnlyForDeploymentPostprocessing = 0;
			shellPath = /bin/sh;
			shellScript = "\"${SRCROOT}/Pods/Target Support Files/Pods-SpendWithFriendsTests/Pods-SpendWithFriendsTests-resources.sh\"\n";
			showEnvVarsInLog = 0;
		};
		2F6D910BB1FD71855EBAE91C /* [CP] Copy Pods Resources */ = {
			isa = PBXShellScriptBuildPhase;
			buildActionMask = 2147483647;
			files = (
			);
			inputPaths = (
			);
			name = "[CP] Copy Pods Resources";
			outputPaths = (
			);
			runOnlyForDeploymentPostprocessing = 0;
			shellPath = /bin/sh;
			shellScript = "\"${SRCROOT}/Pods/Target Support Files/Pods-SpendWithFriends/Pods-SpendWithFriends-resources.sh\"\n";
			showEnvVarsInLog = 0;
		};
		352537AF47497FF118833D81 /* [CP] Check Pods Manifest.lock */ = {
			isa = PBXShellScriptBuildPhase;
			buildActionMask = 2147483647;
			files = (
			);
			inputPaths = (
			);
			name = "[CP] Check Pods Manifest.lock";
			outputPaths = (
			);
			runOnlyForDeploymentPostprocessing = 0;
			shellPath = /bin/sh;
			shellScript = "diff \"${PODS_ROOT}/../Podfile.lock\" \"${PODS_ROOT}/Manifest.lock\" > /dev/null\nif [[ $? != 0 ]] ; then\n    cat << EOM\nerror: The sandbox is not in sync with the Podfile.lock. Run 'pod install' or update your CocoaPods installation.\nEOM\n    exit 1\nfi\n";
			showEnvVarsInLog = 0;
		};
		49CA8D89A8A02C331F992D9A /* [CP] Embed Pods Frameworks */ = {
			isa = PBXShellScriptBuildPhase;
			buildActionMask = 2147483647;
			files = (
			);
			inputPaths = (
			);
			name = "[CP] Embed Pods Frameworks";
			outputPaths = (
			);
			runOnlyForDeploymentPostprocessing = 0;
			shellPath = /bin/sh;
			shellScript = "\"${SRCROOT}/Pods/Target Support Files/Pods-SpendWithFriendsTests/Pods-SpendWithFriendsTests-frameworks.sh\"\n";
			showEnvVarsInLog = 0;
		};
		569647ADEA641144ACBE4B60 /* [CP] Check Pods Manifest.lock */ = {
			isa = PBXShellScriptBuildPhase;
			buildActionMask = 2147483647;
			files = (
			);
			inputPaths = (
			);
			name = "[CP] Check Pods Manifest.lock";
			outputPaths = (
			);
			runOnlyForDeploymentPostprocessing = 0;
			shellPath = /bin/sh;
			shellScript = "diff \"${PODS_ROOT}/../Podfile.lock\" \"${PODS_ROOT}/Manifest.lock\" > /dev/null\nif [[ $? != 0 ]] ; then\n    cat << EOM\nerror: The sandbox is not in sync with the Podfile.lock. Run 'pod install' or update your CocoaPods installation.\nEOM\n    exit 1\nfi\n";
			showEnvVarsInLog = 0;
		};
		881C46C8BAAB694BF0677CAF /* [CP] Copy Pods Resources */ = {
			isa = PBXShellScriptBuildPhase;
			buildActionMask = 2147483647;
			files = (
			);
			inputPaths = (
			);
			name = "[CP] Copy Pods Resources";
			outputPaths = (
			);
			runOnlyForDeploymentPostprocessing = 0;
			shellPath = /bin/sh;
			shellScript = "\"${SRCROOT}/Pods/Target Support Files/Pods-SpendWithFriendsUITests/Pods-SpendWithFriendsUITests-resources.sh\"\n";
			showEnvVarsInLog = 0;
		};
		B35188D47E4DD3FEC367318C /* [CP] Embed Pods Frameworks */ = {
			isa = PBXShellScriptBuildPhase;
			buildActionMask = 2147483647;
			files = (
			);
			inputPaths = (
			);
			name = "[CP] Embed Pods Frameworks";
			outputPaths = (
			);
			runOnlyForDeploymentPostprocessing = 0;
			shellPath = /bin/sh;
			shellScript = "\"${SRCROOT}/Pods/Target Support Files/Pods-SpendWithFriends/Pods-SpendWithFriends-frameworks.sh\"\n";
			showEnvVarsInLog = 0;
		};
		BED6B36FBA59C24055BFB03D /* [CP] Check Pods Manifest.lock */ = {
			isa = PBXShellScriptBuildPhase;
			buildActionMask = 2147483647;
			files = (
			);
			inputPaths = (
			);
			name = "[CP] Check Pods Manifest.lock";
			outputPaths = (
			);
			runOnlyForDeploymentPostprocessing = 0;
			shellPath = /bin/sh;
			shellScript = "diff \"${PODS_ROOT}/../Podfile.lock\" \"${PODS_ROOT}/Manifest.lock\" > /dev/null\nif [[ $? != 0 ]] ; then\n    cat << EOM\nerror: The sandbox is not in sync with the Podfile.lock. Run 'pod install' or update your CocoaPods installation.\nEOM\n    exit 1\nfi\n";
			showEnvVarsInLog = 0;
		};
/* End PBXShellScriptBuildPhase section */

/* Begin PBXSourcesBuildPhase section */
		542703D71EE89D3C0093C0C9 /* Sources */ = {
			isa = PBXSourcesBuildPhase;
			buildActionMask = 2147483647;
			files = (
				B3C213211EE8FA1000C0E4E8 /* CreateAccountViewController.swift in Sources */,
				542955DB1EE8F7F100AB9E02 /* ProfileTableViewController.swift in Sources */,
				CC2808851EE8EB8F00FF800D /* MeetUpViewController.swift in Sources */,
				CC2808821EE8EB8F00FF800D /* MainViewController.swift in Sources */,
				CC2808841EE8EB8F00FF800D /* MeetUp.swift in Sources */,
				CC2808861EE8EB8F00FF800D /* ProfileCell.swift in Sources */,
				2AB822881EE8F5FC00C6B4F5 /* MessageCell.swift in Sources */,
				CC28088A1EE8F10500FF800D /* DataHandler.swift in Sources */,
				CC2808811EE8EB8F00FF800D /* InboxViewController.swift in Sources */,
				B32BCCEE1EE8B0910041377E /* MenuViewController.swift in Sources */,
				2A8ED2751EE8AAC9005BC20E /* Purchase.swift in Sources */,
				CC2808881EE8EB8F00FF800D /* SlideMenu.swift in Sources */,
				B3C213221EE8FA1000C0E4E8 /* LoginViewController.swift in Sources */,
				2A8ED2731EE8A85C005BC20E /* Profile.swift in Sources */,
				B3C213231EE8FA1000C0E4E8 /* Merchant.swift in Sources */,
				542703DF1EE89D3C0093C0C9 /* AppDelegate.swift in Sources */,
				CC2808831EE8EB8F00FF800D /* MapViewController.swift in Sources */,
			);
			runOnlyForDeploymentPostprocessing = 0;
		};
		542703EB1EE89D3D0093C0C9 /* Sources */ = {
			isa = PBXSourcesBuildPhase;
			buildActionMask = 2147483647;
			files = (
				542703F41EE89D3D0093C0C9 /* SpendWithFriendsTests.swift in Sources */,
			);
			runOnlyForDeploymentPostprocessing = 0;
		};
		542703F61EE89D3D0093C0C9 /* Sources */ = {
			isa = PBXSourcesBuildPhase;
			buildActionMask = 2147483647;
			files = (
				542703FF1EE89D3D0093C0C9 /* SpendWithFriendsUITests.swift in Sources */,
			);
			runOnlyForDeploymentPostprocessing = 0;
		};
/* End PBXSourcesBuildPhase section */

/* Begin PBXTargetDependency section */
		542703F11EE89D3D0093C0C9 /* PBXTargetDependency */ = {
			isa = PBXTargetDependency;
			target = 542703DA1EE89D3C0093C0C9 /* SpendWithFriends */;
			targetProxy = 542703F01EE89D3D0093C0C9 /* PBXContainerItemProxy */;
		};
		542703FC1EE89D3D0093C0C9 /* PBXTargetDependency */ = {
			isa = PBXTargetDependency;
			target = 542703DA1EE89D3C0093C0C9 /* SpendWithFriends */;
			targetProxy = 542703FB1EE89D3D0093C0C9 /* PBXContainerItemProxy */;
		};
/* End PBXTargetDependency section */

/* Begin PBXVariantGroup section */
		542703E71EE89D3D0093C0C9 /* LaunchScreen.storyboard */ = {
			isa = PBXVariantGroup;
			children = (
				542703E81EE89D3D0093C0C9 /* Base */,
			);
			name = LaunchScreen.storyboard;
			sourceTree = "<group>";
		};
/* End PBXVariantGroup section */

/* Begin XCBuildConfiguration section */
		542704011EE89D3D0093C0C9 /* Debug */ = {
			isa = XCBuildConfiguration;
			buildSettings = {
				ALWAYS_SEARCH_USER_PATHS = NO;
				CLANG_ANALYZER_NONNULL = YES;
				CLANG_ANALYZER_NUMBER_OBJECT_CONVERSION = YES_AGGRESSIVE;
				CLANG_CXX_LANGUAGE_STANDARD = "gnu++0x";
				CLANG_CXX_LIBRARY = "libc++";
				CLANG_ENABLE_MODULES = YES;
				CLANG_ENABLE_OBJC_ARC = YES;
				CLANG_WARN_BOOL_CONVERSION = YES;
				CLANG_WARN_CONSTANT_CONVERSION = YES;
				CLANG_WARN_DIRECT_OBJC_ISA_USAGE = YES_ERROR;
				CLANG_WARN_DOCUMENTATION_COMMENTS = YES;
				CLANG_WARN_EMPTY_BODY = YES;
				CLANG_WARN_ENUM_CONVERSION = YES;
				CLANG_WARN_INFINITE_RECURSION = YES;
				CLANG_WARN_INT_CONVERSION = YES;
				CLANG_WARN_OBJC_ROOT_CLASS = YES_ERROR;
				CLANG_WARN_SUSPICIOUS_MOVE = YES;
				CLANG_WARN_UNREACHABLE_CODE = YES;
				CLANG_WARN__DUPLICATE_METHOD_MATCH = YES;
				"CODE_SIGN_IDENTITY[sdk=iphoneos*]" = "iPhone Developer";
				COPY_PHASE_STRIP = NO;
				DEBUG_INFORMATION_FORMAT = dwarf;
				ENABLE_STRICT_OBJC_MSGSEND = YES;
				ENABLE_TESTABILITY = YES;
				GCC_C_LANGUAGE_STANDARD = gnu99;
				GCC_DYNAMIC_NO_PIC = NO;
				GCC_NO_COMMON_BLOCKS = YES;
				GCC_OPTIMIZATION_LEVEL = 0;
				GCC_PREPROCESSOR_DEFINITIONS = (
					"DEBUG=1",
					"$(inherited)",
				);
				GCC_WARN_64_TO_32_BIT_CONVERSION = YES;
				GCC_WARN_ABOUT_RETURN_TYPE = YES_ERROR;
				GCC_WARN_UNDECLARED_SELECTOR = YES;
				GCC_WARN_UNINITIALIZED_AUTOS = YES_AGGRESSIVE;
				GCC_WARN_UNUSED_FUNCTION = YES;
				GCC_WARN_UNUSED_VARIABLE = YES;
				IPHONEOS_DEPLOYMENT_TARGET = 10.3;
				MTL_ENABLE_DEBUG_INFO = YES;
				ONLY_ACTIVE_ARCH = YES;
				SDKROOT = iphoneos;
				SWIFT_ACTIVE_COMPILATION_CONDITIONS = DEBUG;
				SWIFT_OPTIMIZATION_LEVEL = "-Onone";
			};
			name = Debug;
		};
		542704021EE89D3D0093C0C9 /* Release */ = {
			isa = XCBuildConfiguration;
			buildSettings = {
				ALWAYS_SEARCH_USER_PATHS = NO;
				CLANG_ANALYZER_NONNULL = YES;
				CLANG_ANALYZER_NUMBER_OBJECT_CONVERSION = YES_AGGRESSIVE;
				CLANG_CXX_LANGUAGE_STANDARD = "gnu++0x";
				CLANG_CXX_LIBRARY = "libc++";
				CLANG_ENABLE_MODULES = YES;
				CLANG_ENABLE_OBJC_ARC = YES;
				CLANG_WARN_BOOL_CONVERSION = YES;
				CLANG_WARN_CONSTANT_CONVERSION = YES;
				CLANG_WARN_DIRECT_OBJC_ISA_USAGE = YES_ERROR;
				CLANG_WARN_DOCUMENTATION_COMMENTS = YES;
				CLANG_WARN_EMPTY_BODY = YES;
				CLANG_WARN_ENUM_CONVERSION = YES;
				CLANG_WARN_INFINITE_RECURSION = YES;
				CLANG_WARN_INT_CONVERSION = YES;
				CLANG_WARN_OBJC_ROOT_CLASS = YES_ERROR;
				CLANG_WARN_SUSPICIOUS_MOVE = YES;
				CLANG_WARN_UNREACHABLE_CODE = YES;
				CLANG_WARN__DUPLICATE_METHOD_MATCH = YES;
				"CODE_SIGN_IDENTITY[sdk=iphoneos*]" = "iPhone Developer";
				COPY_PHASE_STRIP = NO;
				DEBUG_INFORMATION_FORMAT = "dwarf-with-dsym";
				ENABLE_NS_ASSERTIONS = NO;
				ENABLE_STRICT_OBJC_MSGSEND = YES;
				GCC_C_LANGUAGE_STANDARD = gnu99;
				GCC_NO_COMMON_BLOCKS = YES;
				GCC_WARN_64_TO_32_BIT_CONVERSION = YES;
				GCC_WARN_ABOUT_RETURN_TYPE = YES_ERROR;
				GCC_WARN_UNDECLARED_SELECTOR = YES;
				GCC_WARN_UNINITIALIZED_AUTOS = YES_AGGRESSIVE;
				GCC_WARN_UNUSED_FUNCTION = YES;
				GCC_WARN_UNUSED_VARIABLE = YES;
				IPHONEOS_DEPLOYMENT_TARGET = 10.3;
				MTL_ENABLE_DEBUG_INFO = NO;
				SDKROOT = iphoneos;
				SWIFT_OPTIMIZATION_LEVEL = "-Owholemodule";
				VALIDATE_PRODUCT = YES;
			};
			name = Release;
		};
		542704041EE89D3D0093C0C9 /* Debug */ = {
			isa = XCBuildConfiguration;
			baseConfigurationReference = 8EF2D619A49BDDA6B99CFF25 /* Pods-SpendWithFriends.debug.xcconfig */;
			buildSettings = {
				ASSETCATALOG_COMPILER_APPICON_NAME = AppIcon;
				DEVELOPMENT_TEAM = U2TXEES4XA;
				INFOPLIST_FILE = SpendWithFriends/Info.plist;
				IPHONEOS_DEPLOYMENT_TARGET = 10.2;
				LD_RUNPATH_SEARCH_PATHS = "$(inherited) @executable_path/Frameworks";
				PRODUCT_BUNDLE_IDENTIFIER = com.klangholm.SpendWithFriends;
				PRODUCT_NAME = "$(TARGET_NAME)";
				SWIFT_VERSION = 3.0;
			};
			name = Debug;
		};
		542704051EE89D3D0093C0C9 /* Release */ = {
			isa = XCBuildConfiguration;
			baseConfigurationReference = E2095179B34F0A992F821924 /* Pods-SpendWithFriends.release.xcconfig */;
			buildSettings = {
				ASSETCATALOG_COMPILER_APPICON_NAME = AppIcon;
				DEVELOPMENT_TEAM = U2TXEES4XA;
				INFOPLIST_FILE = SpendWithFriends/Info.plist;
				IPHONEOS_DEPLOYMENT_TARGET = 10.2;
				LD_RUNPATH_SEARCH_PATHS = "$(inherited) @executable_path/Frameworks";
				PRODUCT_BUNDLE_IDENTIFIER = com.klangholm.SpendWithFriends;
				PRODUCT_NAME = "$(TARGET_NAME)";
				SWIFT_VERSION = 3.0;
			};
			name = Release;
		};
		542704071EE89D3D0093C0C9 /* Debug */ = {
			isa = XCBuildConfiguration;
			baseConfigurationReference = 5C2E8AA70854407B840A0F0E /* Pods-SpendWithFriendsTests.debug.xcconfig */;
			buildSettings = {
				ALWAYS_EMBED_SWIFT_STANDARD_LIBRARIES = YES;
				BUNDLE_LOADER = "$(TEST_HOST)";
				INFOPLIST_FILE = SpendWithFriendsTests/Info.plist;
				LD_RUNPATH_SEARCH_PATHS = "$(inherited) @executable_path/Frameworks @loader_path/Frameworks";
				PRODUCT_BUNDLE_IDENTIFIER = com.klangholm.SpendWithFriendsTests;
				PRODUCT_NAME = "$(TARGET_NAME)";
				SWIFT_VERSION = 3.0;
				TEST_HOST = "$(BUILT_PRODUCTS_DIR)/SpendWithFriends.app/SpendWithFriends";
			};
			name = Debug;
		};
		542704081EE89D3D0093C0C9 /* Release */ = {
			isa = XCBuildConfiguration;
			baseConfigurationReference = C8FDED4E270EC0C312C78A4C /* Pods-SpendWithFriendsTests.release.xcconfig */;
			buildSettings = {
				ALWAYS_EMBED_SWIFT_STANDARD_LIBRARIES = YES;
				BUNDLE_LOADER = "$(TEST_HOST)";
				INFOPLIST_FILE = SpendWithFriendsTests/Info.plist;
				LD_RUNPATH_SEARCH_PATHS = "$(inherited) @executable_path/Frameworks @loader_path/Frameworks";
				PRODUCT_BUNDLE_IDENTIFIER = com.klangholm.SpendWithFriendsTests;
				PRODUCT_NAME = "$(TARGET_NAME)";
				SWIFT_VERSION = 3.0;
				TEST_HOST = "$(BUILT_PRODUCTS_DIR)/SpendWithFriends.app/SpendWithFriends";
			};
			name = Release;
		};
		5427040A1EE89D3D0093C0C9 /* Debug */ = {
			isa = XCBuildConfiguration;
			baseConfigurationReference = 128476557A35E925BAD4DBEB /* Pods-SpendWithFriendsUITests.debug.xcconfig */;
			buildSettings = {
				ALWAYS_EMBED_SWIFT_STANDARD_LIBRARIES = YES;
				INFOPLIST_FILE = SpendWithFriendsUITests/Info.plist;
				LD_RUNPATH_SEARCH_PATHS = "$(inherited) @executable_path/Frameworks @loader_path/Frameworks";
				PRODUCT_BUNDLE_IDENTIFIER = com.klangholm.SpendWithFriendsUITests;
				PRODUCT_NAME = "$(TARGET_NAME)";
				SWIFT_VERSION = 3.0;
				TEST_TARGET_NAME = SpendWithFriends;
			};
			name = Debug;
		};
		5427040B1EE89D3D0093C0C9 /* Release */ = {
			isa = XCBuildConfiguration;
			baseConfigurationReference = 6086F130A349DBF813F3ED72 /* Pods-SpendWithFriendsUITests.release.xcconfig */;
			buildSettings = {
				ALWAYS_EMBED_SWIFT_STANDARD_LIBRARIES = YES;
				INFOPLIST_FILE = SpendWithFriendsUITests/Info.plist;
				LD_RUNPATH_SEARCH_PATHS = "$(inherited) @executable_path/Frameworks @loader_path/Frameworks";
				PRODUCT_BUNDLE_IDENTIFIER = com.klangholm.SpendWithFriendsUITests;
				PRODUCT_NAME = "$(TARGET_NAME)";
				SWIFT_VERSION = 3.0;
				TEST_TARGET_NAME = SpendWithFriends;
			};
			name = Release;
		};
/* End XCBuildConfiguration section */

/* Begin XCConfigurationList section */
		542703D61EE89D3C0093C0C9 /* Build configuration list for PBXProject "SpendWithFriends" */ = {
			isa = XCConfigurationList;
			buildConfigurations = (
				542704011EE89D3D0093C0C9 /* Debug */,
				542704021EE89D3D0093C0C9 /* Release */,
			);
			defaultConfigurationIsVisible = 0;
			defaultConfigurationName = Release;
		};
		542704031EE89D3D0093C0C9 /* Build configuration list for PBXNativeTarget "SpendWithFriends" */ = {
			isa = XCConfigurationList;
			buildConfigurations = (
				542704041EE89D3D0093C0C9 /* Debug */,
				542704051EE89D3D0093C0C9 /* Release */,
			);
			defaultConfigurationIsVisible = 0;
			defaultConfigurationName = Release;
		};
		542704061EE89D3D0093C0C9 /* Build configuration list for PBXNativeTarget "SpendWithFriendsTests" */ = {
			isa = XCConfigurationList;
			buildConfigurations = (
				542704071EE89D3D0093C0C9 /* Debug */,
				542704081EE89D3D0093C0C9 /* Release */,
			);
			defaultConfigurationIsVisible = 0;
			defaultConfigurationName = Release;
		};
		542704091EE89D3D0093C0C9 /* Build configuration list for PBXNativeTarget "SpendWithFriendsUITests" */ = {
			isa = XCConfigurationList;
			buildConfigurations = (
				5427040A1EE89D3D0093C0C9 /* Debug */,
				5427040B1EE89D3D0093C0C9 /* Release */,
			);
			defaultConfigurationIsVisible = 0;
			defaultConfigurationName = Release;
		};
/* End XCConfigurationList section */
	};
	rootObject = 542703D31EE89D3C0093C0C9 /* Project object */;
}
